
Microsoft Visual Studio Solution File, Format Version 12.00
# Visual Studio Version 17
VisualStudioVersion = 17.12.35707.178 d17.12
MinimumVisualStudioVersion = 10.0.40219.1
Project("{FAE04EC0-301F-11D3-BF4B-00C04F79EFBC}") = "Encapsulation", "Encapsulation\Encapsulation.csproj", "{FC71E8B8-D7D1-4067-AC4C-BCD846A68AB6}"
EndProject
Global
	GlobalSection(SolutionConfigurationPlatforms) = preSolution
		Debug|Any CPU = Debug|Any CPU
		Release|Any CPU = Release|Any CPU
	EndGlobalSection
	GlobalSection(ProjectConfigurationPlatforms) = postSolution
		{FC71E8B8-D7D1-4067-AC4C-BCD846A68AB6}.Debug|Any CPU.ActiveCfg = Debug|Any CPU
		{FC71E8B8-D7D1-4067-AC4C-BCD846A68AB6}.Debug|Any CPU.Build.0 = Debug|Any CPU
		{FC71E8B8-D7D1-4067-AC4C-BCD846A68AB6}.Release|Any CPU.ActiveCfg = Release|Any CPU
		{FC71E8B8-D7D1-4067-AC4C-BCD846A68AB6}.Release|Any CPU.Build.0 = Release|Any CPU
	EndGlobalSection
	GlobalSection(SolutionProperties) = preSolution
		HideSolutionNode = FALSE
	EndGlobalSection
EndGlobal
